Microsoft Visual Studio Solution File, Format Version 12.00
# Visual Studio Version 17
VisualStudioVersion = 17.5.2.0
MinimumVisualStudioVersion = 10.0.40219.1
Project("{FAE04EC0-301F-11D3-BF4B-00C04F79EFBC}") = "z2code", "z2code.csproj", "{06B92193-8584-5955-A3CB-3675DB090247}"
EndProject
Global
	GlobalSection(SolutionConfigurationPlatforms) = preSolution
		Debug|Any CPU = Debug|Any CPU
		Release|Any CPU = Release|Any CPU
	EndGlobalSection
	GlobalSection(ProjectConfigurationPlatforms) = postSolution
		{06B92193-8584-5955-A3CB-3675DB090247}.Debug|Any CPU.ActiveCfg = Debug|Any CPU
		{06B92193-8584-5955-A3CB-3675DB090247}.Debug|Any CPU.Build.0 = Debug|Any CPU
		{06B92193-8584-5955-A3CB-3675DB090247}.Release|Any CPU.ActiveCfg = Release|Any CPU
		{06B92193-8584-5955-A3CB-3675DB090247}.Release|Any CPU.Build.0 = Release|Any CPU
	EndGlobalSection
	GlobalSection(SolutionProperties) = preSolution
		HideSolutionNode = FALSE
	EndGlobalSection
	GlobalSection(ExtensibilityGlobals) = postSolution
		SolutionGuid = {3BE7E91B-F666-435A-BB61-5C8767E0BAC7}
	EndGlobalSection
EndGlobal
